// !$*UTF8*$!
{
	archiveVersion = 1;
	classes = {
	};
	objectVersion = 50;
	objects = {

/* Begin PBXBuildFile section */
		B90B1BBA2525A6470005B514 /* TaskHomeViewController.swift in Sources */ = {isa = PBXBuildFile; fileRef = B90B1BB92525A6470005B514 /* TaskHomeViewController.swift */; };
		B97479872509AD7C00D7EEB6 /* AppDelegate.swift in Sources */ = {isa = PBXBuildFile; fileRef = B97479862509AD7C00D7EEB6 /* AppDelegate.swift */; };
		B97479892509AD7C00D7EEB6 /* ViewController.swift in Sources */ = {isa = PBXBuildFile; fileRef = B97479882509AD7C00D7EEB6 /* ViewController.swift */; };
		B974798C2509AD7C00D7EEB6 /* Main.storyboard in Resources */ = {isa = PBXBuildFile; fileRef = B974798A2509AD7C00D7EEB6 /* Main.storyboard */; };
		B974798E2509AD7E00D7EEB6 /* Assets.xcassets in Resources */ = {isa = PBXBuildFile; fileRef = B974798D2509AD7E00D7EEB6 /* Assets.xcassets */; };
		B97479912509AD7E00D7EEB6 /* LaunchScreen.storyboard in Resources */ = {isa = PBXBuildFile; fileRef = B974798F2509AD7E00D7EEB6 /* LaunchScreen.storyboard */; };
		B975CD22252D82660091EB46 /* CustomTaskViewController.swift in Sources */ = {isa = PBXBuildFile; fileRef = B975CD21252D82660091EB46 /* CustomTaskViewController.swift */; };
/* End PBXBuildFile section */

/* Begin PBXFileReference section */
		B90B1BB92525A6470005B514 /* TaskHomeViewController.swift */ = {isa = PBXFileReference; lastKnownFileType = sourcecode.swift; path = TaskHomeViewController.swift; sourceTree = "<group>"; };
		B97479832509AD7C00D7EEB6 /* TaskAppPrototype.app */ = {isa = PBXFileReference; explicitFileType = wrapper.application; includeInIndex = 0; path = TaskAppPrototype.app; sourceTree = BUILT_PRODUCTS_DIR; };
		B97479862509AD7C00D7EEB6 /* AppDelegate.swift */ = {isa = PBXFileReference; lastKnownFileType = sourcecode.swift; path = AppDelegate.swift; sourceTree = "<group>"; };
		B97479882509AD7C00D7EEB6 /* ViewController.swift */ = {isa = PBXFileReference; lastKnownFileType = sourcecode.swift; path = ViewController.swift; sourceTree = "<group>"; };
		B974798B2509AD7C00D7EEB6 /* Base */ = {isa = PBXFileReference; lastKnownFileType = file.storyboard; name = Base; path = Base.lproj/Main.storyboard; sourceTree = "<group>"; };
		B974798D2509AD7E00D7EEB6 /* Assets.xcassets */ = {isa = PBXFileReference; lastKnownFileType = folder.assetcatalog; path = Assets.xcassets; sourceTree = "<group>"; };
		B97479902509AD7E00D7EEB6 /* Base */ = {isa = PBXFileReference; lastKnownFileType = file.storyboard; name = Base; path = Base.lproj/LaunchScreen.storyboard; sourceTree = "<group>"; };
		B97479922509AD7E00D7EEB6 /* Info.plist */ = {isa = PBXFileReference; lastKnownFileType = text.plist.xml; path = Info.plist; sourceTree = "<group>"; };
		B975CD21252D82660091EB46 /* CustomTaskViewController.swift */ = {isa = PBXFileReference; lastKnownFileType = sourcecode.swift; path = CustomTaskViewController.swift; sourceTree = "<group>"; };
/* End PBXFileReference section */

/* Begin PBXFrameworksBuildPhase section */
		B97479802509AD7C00D7EEB6 /* Frameworks */ = {
			isa = PBXFrameworksBuildPhase;
			buildActionMask = 2147483647;
			files = (
			);
			runOnlyForDeploymentPostprocessing = 0;
		};
/* End PBXFrameworksBuildPhase section */

/* Begin PBXGroup section */
		B974797A2509AD7C00D7EEB6 = {
			isa = PBXGroup;
			children = (
				B97479852509AD7C00D7EEB6 /* TaskAppPrototype */,
				B97479842509AD7C00D7EEB6 /* Products */,
			);
			sourceTree = "<group>";
		};
		B97479842509AD7C00D7EEB6 /* Products */ = {
			isa = PBXGroup;
			children = (
				B97479832509AD7C00D7EEB6 /* TaskAppPrototype.app */,
			);
			name = Products;
			sourceTree = "<group>";
		};
		B97479852509AD7C00D7EEB6 /* TaskAppPrototype */ = {
			isa = PBXGroup;
			children = (
				B97479862509AD7C00D7EEB6 /* AppDelegate.swift */,
				B97479882509AD7C00D7EEB6 /* ViewController.swift */,
				B974798A2509AD7C00D7EEB6 /* Main.storyboard */,
				B974798D2509AD7E00D7EEB6 /* Assets.xcassets */,
				B974798F2509AD7E00D7EEB6 /* LaunchScreen.storyboard */,
				B97479922509AD7E00D7EEB6 /* Info.plist */,
				B90B1BB92525A6470005B514 /* TaskHomeViewController.swift */,
				B975CD21252D82660091EB46 /* CustomTaskViewController.swift */,
			);
			path = TaskAppPrototype;
			sourceTree = "<group>";
		};
/* End PBXGroup section */

/* Begin PBXNativeTarget section */
		B97479822509AD7C00D7EEB6 /* TaskAppPrototype */ = {
			isa = PBXNativeTarget;
			buildConfigurationList = B97479952509AD7E00D7EEB6 /* Build configuration list for PBXNativeTarget "TaskAppPrototype" */;
			buildPhases = (
				B974797F2509AD7C00D7EEB6 /* Sources */,
				B97479802509AD7C00D7EEB6 /* Frameworks */,
				B97479812509AD7C00D7EEB6 /* Resources */,
			);
			buildRules = (
			);
			dependencies = (
			);
			name = TaskAppPrototype;
			productName = TaskAppPrototype;
			productReference = B97479832509AD7C00D7EEB6 /* TaskAppPrototype.app */;
			productType = "com.apple.product-type.application";
		};
/* End PBXNativeTarget section */

/* Begin PBXProject section */
		B974797B2509AD7C00D7EEB6 /* Project object */ = {
			isa = PBXProject;
			attributes = {
				LastSwiftUpdateCheck = 0940;
				LastUpgradeCheck = 0940;
				ORGANIZATIONNAME = "Casi Barden";
				TargetAttributes = {
					B97479822509AD7C00D7EEB6 = {
						CreatedOnToolsVersion = 9.4.1;
					};
				};
			};
			buildConfigurationList = B974797E2509AD7C00D7EEB6 /* Build configuration list for PBXProject "TaskAppPrototype" */;
			compatibilityVersion = "Xcode 9.3";
			developmentRegion = en;
			hasScannedForEncodings = 0;
			knownRegions = (
				en,
				Base,
			);
			mainGroup = B974797A2509AD7C00D7EEB6;
			productRefGroup = B97479842509AD7C00D7EEB6 /* Products */;
			projectDirPath = "";
			projectRoot = "";
			targets = (
				B97479822509AD7C00D7EEB6 /* TaskAppPrototype */,
			);
		};
/* End PBXProject section */

/* Begin PBXResourcesBuildPhase section */
		B97479812509AD7C00D7EEB6 /* Resources */ = {
			isa = PBXResourcesBuildPhase;
			buildActionMask = 2147483647;
			files = (
				B97479912509AD7E00D7EEB6 /* LaunchScreen.storyboard in Resources */,
				B974798E2509AD7E00D7EEB6 /* Assets.xcassets in Resources */,
				B974798C2509AD7C00D7EEB6 /* Main.storyboard in Resources */,
			);
			runOnlyForDeploymentPostprocessing = 0;
		};
/* End PBXResourcesBuildPhase section */

/* Begin PBXSourcesBuildPhase section */
		B974797F2509AD7C00D7EEB6 /* Sources */ = {
			isa = PBXSourcesBuildPhase;
			buildActionMask = 2147483647;
			files = (
				B90B1BBA2525A6470005B514 /* TaskHomeViewController.swift in Sources */,
				B97479892509AD7C00D7EEB6 /* ViewController.swift in Sources */,
				B975CD22252D82660091EB46 /* CustomTaskViewController.swift in Sources */,
				B97479872509AD7C00D7EEB6 /* AppDelegate.swift in Sources */,
			);
			runOnlyForDeploymentPostprocessing = 0;
		};
/* End PBXSourcesBuildPhase section */

/* Begin PBXVariantGroup section */
		B974798A2509AD7C00D7EEB6 /* Main.storyboard */ = {
			isa = PBXVariantGroup;
			children = (
				B974798B2509AD7C00D7EEB6 /* Base */,
			);
			name = Main.storyboard;
			sourceTree = "<group>";
		};
		B974798F2509AD7E00D7EEB6 /* LaunchScreen.storyboard */ = {
			isa = PBXVariantGroup;
			children = (
				B97479902509AD7E00D7EEB6 /* Base */,
			);
			name = LaunchScreen.storyboard;
			sourceTree = "<group>";
		};
/* End PBXVariantGroup section */

/* Begin XCBuildConfiguration section */
		B97479932509AD7E00D7EEB6 /* Debug */ = {
			isa = XCBuildConfiguration;
			buildSettings = {
				ALWAYS_SEARCH_USER_PATHS = NO;
				CLANG_ANALYZER_NONNULL = YES;
				CLANG_ANALYZER_NUMBER_OBJECT_CONVERSION = YES_AGGRESSIVE;
				CLANG_CXX_LANGUAGE_STANDARD = "gnu++14";
				CLANG_CXX_LIBRARY = "libc++";
				CLANG_ENABLE_MODULES = YES;
				CLANG_ENABLE_OBJC_ARC = YES;
				CLANG_ENABLE_OBJC_WEAK = YES;
				CLANG_WARN_BLOCK_CAPTURE_AUTORELEASING = YES;
				CLANG_WARN_BOOL_CONVERSION = YES;
				CLANG_WARN_COMMA = YES;
				CLANG_WARN_CONSTANT_CONVERSION = YES;
				CLANG_WARN_DEPRECATED_OBJC_IMPLEMENTATIONS = YES;
				CLANG_WARN_DIRECT_OBJC_ISA_USAGE = YES_ERROR;
				CLANG_WARN_DOCUMENTATION_COMMENTS = YES;
				CLANG_WARN_EMPTY_BODY = YES;
				CLANG_WARN_ENUM_CONVERSION = YES;
				CLANG_WARN_INFINITE_RECURSION = YES;
				CLANG_WARN_INT_CONVERSION = YES;
				CLANG_WARN_NON_LITERAL_NULL_CONVERSION = YES;
				CLANG_WARN_OBJC_IMPLICIT_RETAIN_SELF = YES;
				CLANG_WARN_OBJC_LITERAL_CONVERSION = YES;
				CLANG_WARN_OBJC_ROOT_CLASS = YES_ERROR;
				CLANG_WARN_RANGE_LOOP_ANALYSIS = YES;
				CLANG_WARN_STRICT_PROTOTYPES = YES;
				CLANG_WARN_SUSPICIOUS_MOVE = YES;
				CLANG_WARN_UNGUARDED_AVAILABILITY = YES_AGGRESSIVE;
				CLANG_WARN_UNREACHABLE_CODE = YES;
				CLANG_WARN__DUPLICATE_METHOD_MATCH = YES;
				CODE_SIGN_IDENTITY = "iPhone Developer";
				COPY_PHASE_STRIP = NO;
				DEBUG_INFORMATION_FORMAT = dwarf;
				ENABLE_STRICT_OBJC_MSGSEND = YES;
				ENABLE_TESTABILITY = YES;
				GCC_C_LANGUAGE_STANDARD = gnu11;
				GCC_DYNAMIC_NO_PIC = NO;
				GCC_NO_COMMON_BLOCKS = YES;
				GCC_OPTIMIZATION_LEVEL = 0;
				GCC_PREPROCESSOR_DEFINITIONS = (
					"DEBUG=1",
					"$(inherited)",
				);
				GCC_WARN_64_TO_32_BIT_CONVERSION = YES;
				GCC_WARN_ABOUT_RETURN_TYPE = YES_ERROR;
				GCC_WARN_UNDECLARED_SELECTOR = YES;
				GCC_WARN_UNINITIALIZED_AUTOS = YES_AGGRESSIVE;
				GCC_WARN_UNUSED_FUNCTION = YES;
				GCC_WARN_UNUSED_VARIABLE = YES;
				IPHONEOS_DEPLOYMENT_TARGET = 11.4;
				MTL_ENABLE_DEBUG_INFO = YES;
				ONLY_ACTIVE_ARCH = YES;
				SDKROOT = iphoneos;
				SWIFT_ACTIVE_COMPILATION_CONDITIONS = DEBUG;
				SWIFT_OPTIMIZATION_LEVEL = "-Onone";
			};
			name = Debug;
		};
		B97479942509AD7E00D7EEB6 /* Release */ = {
			isa = XCBuildConfiguration;
			buildSettings = {
				ALWAYS_SEARCH_USER_PATHS = NO;
				CLANG_ANALYZER_NONNULL = YES;
				CLANG_ANALYZER_NUMBER_OBJECT_CONVERSION = YES_AGGRESSIVE;
				CLANG_CXX_LANGUAGE_STANDARD = "gnu++14";
				CLANG_CXX_LIBRARY = "libc++";
				CLANG_ENABLE_MODULES = YES;
				CLANG_ENABLE_OBJC_ARC = YES;
				CLANG_ENABLE_OBJC_WEAK = YES;
				CLANG_WARN_BLOCK_CAPTURE_AUTORELEASING = YES;
				CLANG_WARN_BOOL_CONVERSION = YES;
				CLANG_WARN_COMMA = YES;
				CLANG_WARN_CONSTANT_CONVERSION = YES;
				CLANG_WARN_DEPRECATED_OBJC_IMPLEMENTATIONS = YES;
				CLANG_WARN_DIRECT_OBJC_ISA_USAGE = YES_ERROR;
				CLANG_WARN_DOCUMENTATION_COMMENTS = YES;
				CLANG_WARN_EMPTY_BODY = YES;
				CLANG_WARN_ENUM_CONVERSION = YES;
				CLANG_WARN_INFINITE_RECURSION = YES;
				CLANG_WARN_INT_CONVERSION = YES;
				CLANG_WARN_NON_LITERAL_NULL_CONVERSION = YES;
				CLANG_WARN_OBJC_IMPLICIT_RETAIN_SELF = YES;
				CLANG_WARN_OBJC_LITERAL_CONVERSION = YES;
				CLANG_WARN_OBJC_ROOT_CLASS = YES_ERROR;
				CLANG_WARN_RANGE_LOOP_ANALYSIS = YES;
				CLANG_WARN_STRICT_PROTOTYPES = YES;
				CLANG_WARN_SUSPICIOUS_MOVE = YES;
				CLANG_WARN_UNGUARDED_AVAILABILITY = YES_AGGRESSIVE;
				CLANG_WARN_UNREACHABLE_CODE = YES;
				CLANG_WARN__DUPLICATE_METHOD_MATCH = YES;
				CODE_SIGN_IDENTITY = "iPhone Developer";
				COPY_PHASE_STRIP = NO;
				DEBUG_INFORMATION_FORMAT = "dwarf-with-dsym";
				ENABLE_NS_ASSERTIONS = NO;
				ENABLE_STRICT_OBJC_MSGSEND = YES;
				GCC_C_LANGUAGE_STANDARD = gnu11;
				GCC_NO_COMMON_BLOCKS = YES;
				GCC_WARN_64_TO_32_BIT_CONVERSION = YES;
				GCC_WARN_ABOUT_RETURN_TYPE = YES_ERROR;
				GCC_WARN_UNDECLARED_SELECTOR = YES;
				GCC_WARN_UNINITIALIZED_AUTOS = YES_AGGRESSIVE;
				GCC_WARN_UNUSED_FUNCTION = YES;
				GCC_WARN_UNUSED_VARIABLE = YES;
				IPHONEOS_DEPLOYMENT_TARGET = 11.4;
				MTL_ENABLE_DEBUG_INFO = NO;
				SDKROOT = iphoneos;
				SWIFT_COMPILATION_MODE = wholemodule;
				SWIFT_OPTIMIZATION_LEVEL = "-O";
				VALIDATE_PRODUCT = YES;
			};
			name = Release;
		};
		B97479962509AD7E00D7EEB6 /* Debug */ = {
			isa = XCBuildConfiguration;
			buildSettings = {
				ASSETCATALOG_COMPILER_APPICON_NAME = AppIcon;
				CODE_SIGN_STYLE = Automatic;
				INFOPLIST_FILE = TaskAppPrototype/Info.plist;
				LD_RUNPATH_SEARCH_PATHS = (
					"$(inherited)",
					"@executable_path/Frameworks",
				);
				PRODUCT_BUNDLE_IDENTIFIER = "ISYS-230.TaskAppPrototype";
				PRODUCT_NAME = "$(TARGET_NAME)";
				SWIFT_VERSION = 4.0;
				TARGETED_DEVICE_FAMILY = "1,2";
			};
			name = Debug;
		};
		B97479972509AD7E00D7EEB6 /* Release */ = {
			isa = XCBuildConfiguration;
			buildSettings = {
				ASSETCATALOG_COMPILER_APPICON_NAME = AppIcon;
				CODE_SIGN_STYLE = Automatic;
				INFOPLIST_FILE = TaskAppPrototype/Info.plist;
				LD_RUNPATH_SEARCH_PATHS = (
					"$(inherited)",
					"@executable_path/Frameworks",
				);
				PRODUCT_BUNDLE_IDENTIFIER = "ISYS-230.TaskAppPrototype";
				PRODUCT_NAME = "$(TARGET_NAME)";
				SWIFT_VERSION = 4.0;
				TARGETED_DEVICE_FAMILY = "1,2";
			};
			name = Release;
		};
/* End XCBuildConfiguration section */

/* Begin XCConfigurationList section */
		B974797E2509AD7C00D7EEB6 /* Build configuration list for PBXProject "TaskAppPrototype" */ = {
			isa = XCConfigurationList;
			buildConfigurations = (
				B97479932509AD7E00D7EEB6 /* Debug */,
				B97479942509AD7E00D7EEB6 /* Release */,
			);
			defaultConfigurationIsVisible = 0;
			defaultConfigurationName = Release;
		};
		B97479952509AD7E00D7EEB6 /* Build configuration list for PBXNativeTarget "TaskAppPrototype" */ = {
			isa = XCConfigurationList;
			buildConfigurations = (
				B97479962509AD7E00D7EEB6 /* Debug */,
				B97479972509AD7E00D7EEB6 /* Release */,
			);
			defaultConfigurationIsVisible = 0;
			defaultConfigurationName = Release;
		};
/* End XCConfigurationList section */
	};
	rootObject = B974797B2509AD7C00D7EEB6 /* Project object */;
}
